
Microsoft Visual Studio Solution File, Format Version 11.00
# Visual Studio 2010
Project("{FAE04EC0-301F-11D3-BF4B-00C04F79EFBC}") = "Love", "Love\Love.csproj", "{C88FD4D7-F30A-4E26-8AF3-5C0972D192E6}"
EndProject
Global
	GlobalSection(TeamFoundationVersionControl) = preSolution
		SccNumberOfProjects = 2
		SccEnterpriseProvider = {4CA58AB2-18FA-4F8D-95D4-32DDF27D184C}
		SccTeamFoundationServer = https://tfs.codeplex.com/tfs/tfs13
		SccLocalPath0 = .
		SccProjectUniqueName1 = Love\\Love.csproj
		SccProjectName1 = Love
		SccLocalPath1 = Love
	EndGlobalSection
	GlobalSection(SolutionConfigurationPlatforms) = preSolution
		Debug|Any CPU = Debug|Any CPU
		Release|Any CPU = Release|Any CPU
	EndGlobalSection
	GlobalSection(ProjectConfigurationPlatforms) = postSolution
		{C88FD4D7-F30A-4E26-8AF3-5C0972D192E6}.Debug|Any CPU.ActiveCfg = Debug|Any CPU
		{C88FD4D7-F30A-4E26-8AF3-5C0972D192E6}.Debug|Any CPU.Build.0 = Debug|Any CPU
		{C88FD4D7-F30A-4E26-8AF3-5C0972D192E6}.Debug|Any CPU.Deploy.0 = Debug|Any CPU
		{C88FD4D7-F30A-4E26-8AF3-5C0972D192E6}.Release|Any CPU.ActiveCfg = Release|Any CPU
		{C88FD4D7-F30A-4E26-8AF3-5C0972D192E6}.Release|Any CPU.Build.0 = Release|Any CPU
		{C88FD4D7-F30A-4E26-8AF3-5C0972D192E6}.Release|Any CPU.Deploy.0 = Release|Any CPU
	EndGlobalSection
	GlobalSection(SolutionProperties) = preSolution
		HideSolutionNode = FALSE
	EndGlobalSection
EndGlobal
