
Microsoft Visual Studio Solution File, Format Version 11.00
# Visual Studio 2010
Project("{CC5FD16D-436D-48AD-A40C-5A424C6E3E79}") = "PongTileAzureService", "PongTileAzureService\PongTileAzureService.ccproj", "{612DE29F-23B4-44A6-A350-A42D88F261CB}"
EndProject
Project("{FAE04EC0-301F-11D3-BF4B-00C04F79EFBC}") = "PongWebRole", "PongWebRole\PongWebRole.csproj", "{FABCD66F-BBDF-4F33-B960-FE738E1DF56B}"
EndProject
Global
	GlobalSection(TeamFoundationVersionControl) = preSolution
		SccNumberOfProjects = 3
		SccEnterpriseProvider = {4CA58AB2-18FA-4F8D-95D4-32DDF27D184C}
		SccTeamFoundationServer = https://tfs.codeplex.com/tfs/tfs13
		SccLocalPath0 = .
		SccProjectUniqueName1 = PongTileAzureService\\PongTileAzureService.ccproj
		SccProjectName1 = PongTileAzureService
		SccLocalPath1 = PongTileAzureService
		SccProjectUniqueName2 = PongWebRole\\PongWebRole.csproj
		SccProjectName2 = PongWebRole
		SccLocalPath2 = PongWebRole
	EndGlobalSection
	GlobalSection(SolutionConfigurationPlatforms) = preSolution
		Debug|Any CPU = Debug|Any CPU
		Release|Any CPU = Release|Any CPU
	EndGlobalSection
	GlobalSection(ProjectConfigurationPlatforms) = postSolution
		{612DE29F-23B4-44A6-A350-A42D88F261CB}.Debug|Any CPU.ActiveCfg = Debug|Any CPU
		{612DE29F-23B4-44A6-A350-A42D88F261CB}.Debug|Any CPU.Build.0 = Debug|Any CPU
		{612DE29F-23B4-44A6-A350-A42D88F261CB}.Release|Any CPU.ActiveCfg = Release|Any CPU
		{612DE29F-23B4-44A6-A350-A42D88F261CB}.Release|Any CPU.Build.0 = Release|Any CPU
		{FABCD66F-BBDF-4F33-B960-FE738E1DF56B}.Debug|Any CPU.ActiveCfg = Debug|Any CPU
		{FABCD66F-BBDF-4F33-B960-FE738E1DF56B}.Debug|Any CPU.Build.0 = Debug|Any CPU
		{FABCD66F-BBDF-4F33-B960-FE738E1DF56B}.Release|Any CPU.ActiveCfg = Release|Any CPU
		{FABCD66F-BBDF-4F33-B960-FE738E1DF56B}.Release|Any CPU.Build.0 = Release|Any CPU
	EndGlobalSection
	GlobalSection(SolutionProperties) = preSolution
		HideSolutionNode = FALSE
	EndGlobalSection
EndGlobal
