
Microsoft Visual Studio Solution File, Format Version 11.00
# Visual Studio 2010
Project("{FAE04EC0-301F-11D3-BF4B-00C04F79EFBC}") = "ColorInvasionI", "ColorInvasionI\ColorInvasionI.csproj", "{E9F66603-2040-4D89-8865-2C1BAF5CAD6C}"
EndProject
Project("{FAE04EC0-301F-11D3-BF4B-00C04F79EFBC}") = "ColorInvasionII", "ColorInvasionII\ColorInvasionII.csproj", "{6A141A35-4DEA-4646-8B6E-BCD1E83C8669}"
EndProject
Global
	GlobalSection(TeamFoundationVersionControl) = preSolution
		SccNumberOfProjects = 3
		SccEnterpriseProvider = {4CA58AB2-18FA-4F8D-95D4-32DDF27D184C}
		SccTeamFoundationServer = https://tfs.codeplex.com/tfs/tfs13
		SccLocalPath0 = .
		SccProjectUniqueName1 = ColorInvasionI\\ColorInvasionI.csproj
		SccProjectName1 = ColorInvasionI
		SccLocalPath1 = ColorInvasionI
		SccProjectUniqueName2 = ColorInvasionII\\ColorInvasionII.csproj
		SccProjectName2 = ColorInvasionII
		SccLocalPath2 = ColorInvasionII
	EndGlobalSection
	GlobalSection(SolutionConfigurationPlatforms) = preSolution
		Debug|Any CPU = Debug|Any CPU
		Release|Any CPU = Release|Any CPU
	EndGlobalSection
	GlobalSection(ProjectConfigurationPlatforms) = postSolution
		{E9F66603-2040-4D89-8865-2C1BAF5CAD6C}.Debug|Any CPU.ActiveCfg = Debug|Any CPU
		{E9F66603-2040-4D89-8865-2C1BAF5CAD6C}.Debug|Any CPU.Build.0 = Debug|Any CPU
		{E9F66603-2040-4D89-8865-2C1BAF5CAD6C}.Debug|Any CPU.Deploy.0 = Debug|Any CPU
		{E9F66603-2040-4D89-8865-2C1BAF5CAD6C}.Release|Any CPU.ActiveCfg = Release|Any CPU
		{E9F66603-2040-4D89-8865-2C1BAF5CAD6C}.Release|Any CPU.Build.0 = Release|Any CPU
		{E9F66603-2040-4D89-8865-2C1BAF5CAD6C}.Release|Any CPU.Deploy.0 = Release|Any CPU
		{6A141A35-4DEA-4646-8B6E-BCD1E83C8669}.Debug|Any CPU.ActiveCfg = Debug|Any CPU
		{6A141A35-4DEA-4646-8B6E-BCD1E83C8669}.Debug|Any CPU.Build.0 = Debug|Any CPU
		{6A141A35-4DEA-4646-8B6E-BCD1E83C8669}.Debug|Any CPU.Deploy.0 = Debug|Any CPU
		{6A141A35-4DEA-4646-8B6E-BCD1E83C8669}.Release|Any CPU.ActiveCfg = Release|Any CPU
		{6A141A35-4DEA-4646-8B6E-BCD1E83C8669}.Release|Any CPU.Build.0 = Release|Any CPU
		{6A141A35-4DEA-4646-8B6E-BCD1E83C8669}.Release|Any CPU.Deploy.0 = Release|Any CPU
	EndGlobalSection
	GlobalSection(SolutionProperties) = preSolution
		HideSolutionNode = FALSE
	EndGlobalSection
EndGlobal
