
Microsoft Visual Studio Solution File, Format Version 11.00
# Visual Studio 2010
Project("{FAE04EC0-301F-11D3-BF4B-00C04F79EFBC}") = "Hextris", "Hextris\Hextris.csproj", "{B9E234DE-9F29-477A-9DAB-94DFD6F62F6C}"
EndProject
Global
	GlobalSection(TeamFoundationVersionControl) = preSolution
		SccNumberOfProjects = 2
		SccEnterpriseProvider = {4CA58AB2-18FA-4F8D-95D4-32DDF27D184C}
		SccTeamFoundationServer = https://tfs.codeplex.com/tfs/tfs13
		SccLocalPath0 = .
		SccProjectUniqueName1 = Hextris\\Hextris.csproj
		SccProjectName1 = Hextris
		SccLocalPath1 = Hextris
	EndGlobalSection
	GlobalSection(SolutionConfigurationPlatforms) = preSolution
		Debug|Any CPU = Debug|Any CPU
		Release|Any CPU = Release|Any CPU
	EndGlobalSection
	GlobalSection(ProjectConfigurationPlatforms) = postSolution
		{B9E234DE-9F29-477A-9DAB-94DFD6F62F6C}.Debug|Any CPU.ActiveCfg = Debug|Any CPU
		{B9E234DE-9F29-477A-9DAB-94DFD6F62F6C}.Debug|Any CPU.Build.0 = Debug|Any CPU
		{B9E234DE-9F29-477A-9DAB-94DFD6F62F6C}.Debug|Any CPU.Deploy.0 = Debug|Any CPU
		{B9E234DE-9F29-477A-9DAB-94DFD6F62F6C}.Release|Any CPU.ActiveCfg = Release|Any CPU
		{B9E234DE-9F29-477A-9DAB-94DFD6F62F6C}.Release|Any CPU.Build.0 = Release|Any CPU
		{B9E234DE-9F29-477A-9DAB-94DFD6F62F6C}.Release|Any CPU.Deploy.0 = Release|Any CPU
	EndGlobalSection
	GlobalSection(SolutionProperties) = preSolution
		HideSolutionNode = FALSE
	EndGlobalSection
EndGlobal
